
Microsoft Visual Studio Solution File, Format Version 12.00
# Visual Studio Version 16
VisualStudioVersion = 16.0.32228.547
MinimumVisualStudioVersion = 10.0.40219.1
Project("{FAE04EC0-301F-11D3-BF4B-00C04F79EFBC}") = "Lower case char find", "Lower case char find\Lower case char find.csproj", "{7A9C2C54-1A9D-4834-8AFA-90AC84B4C016}"
EndProject
Global
	GlobalSection(SolutionConfigurationPlatforms) = preSolution
		Debug|Any CPU = Debug|Any CPU
		Release|Any CPU = Release|Any CPU
	EndGlobalSection
	GlobalSection(ProjectConfigurationPlatforms) = postSolution
		{7A9C2C54-1A9D-4834-8AFA-90AC84B4C016}.Debug|Any CPU.ActiveCfg = Debug|Any CPU
		{7A9C2C54-1A9D-4834-8AFA-90AC84B4C016}.Debug|Any CPU.Build.0 = Debug|Any CPU
		{7A9C2C54-1A9D-4834-8AFA-90AC84B4C016}.Release|Any CPU.ActiveCfg = Release|Any CPU
		{7A9C2C54-1A9D-4834-8AFA-90AC84B4C016}.Release|Any CPU.Build.0 = Release|Any CPU
	EndGlobalSection
	GlobalSection(SolutionProperties) = preSolution
		HideSolutionNode = FALSE
	EndGlobalSection
	GlobalSection(ExtensibilityGlobals) = postSolution
		SolutionGuid = {2C063702-6156-490C-AD21-879D331C090E}
	EndGlobalSection
EndGlobal
